# This file is automatically @generated by Cargo.
# It is not intended for manual editing.
version = 4

[[package]]
name = "demo-guest"
version = "0.1.0"
dependencies = [
 "snif-abi",
 "snif-logic",
]

[[package]]
name = "snif-abi"
version = "0.1.0"

[[package]]
name = "snif-logic"
version = "0.1.0"
